// !$*UTF8*$!
{
	archiveVersion = 1;
	classes = {
	};
	objectVersion = 46;
	objects = {

/* Begin PBXBuildFile section */
		C87F57251D03471300965E9C /* AppDelegate.swift in Sources */ = {isa = PBXBuildFile; fileRef = C87F57241D03471300965E9C /* AppDelegate.swift */; };
		C87F57271D03471300965E9C /* ViewController.swift in Sources */ = {isa = PBXBuildFile; fileRef = C87F57261D03471300965E9C /* ViewController.swift */; };
		C87F572A1D03471300965E9C /* Main.storyboard in Resources */ = {isa = PBXBuildFile; fileRef = C87F57281D03471300965E9C /* Main.storyboard */; };
		C87F572C1D03471300965E9C /* Assets.xcassets in Resources */ = {isa = PBXBuildFile; fileRef = C87F572B1D03471300965E9C /* Assets.xcassets */; };
		C87F572F1D03471300965E9C /* LaunchScreen.storyboard in Resources */ = {isa = PBXBuildFile; fileRef = C87F572D1D03471300965E9C /* LaunchScreen.storyboard */; };
		C87F573B1D034EFA00965E9C /* GlowingLabel.swift in Sources */ = {isa = PBXBuildFile; fileRef = C87F573A1D034EFA00965E9C /* GlowingLabel.swift */; };
/* End PBXBuildFile section */

/* Begin PBXFileReference section */
		C87F57211D03471300965E9C /* GlowLabel.app */ = {isa = PBXFileReference; explicitFileType = wrapper.application; includeInIndex = 0; path = GlowLabel.app; sourceTree = BUILT_PRODUCTS_DIR; };
		C87F57241D03471300965E9C /* AppDelegate.swift */ = {isa = PBXFileReference; lastKnownFileType = sourcecode.swift; path = AppDelegate.swift; sourceTree = "<group>"; };
		C87F57261D03471300965E9C /* ViewController.swift */ = {isa = PBXFileReference; lastKnownFileType = sourcecode.swift; path = ViewController.swift; sourceTree = "<group>"; };
		C87F57291D03471300965E9C /* Base */ = {isa = PBXFileReference; lastKnownFileType = file.storyboard; name = Base; path = Base.lproj/Main.storyboard; sourceTree = "<group>"; };
		C87F572B1D03471300965E9C /* Assets.xcassets */ = {isa = PBXFileReference; lastKnownFileType = folder.assetcatalog; path = Assets.xcassets; sourceTree = "<group>"; };
		C87F572E1D03471300965E9C /* Base */ = {isa = PBXFileReference; lastKnownFileType = file.storyboard; name = Base; path = Base.lproj/LaunchScreen.storyboard; sourceTree = "<group>"; };
		C87F57301D03471300965E9C /* Info.plist */ = {isa = PBXFileReference; lastKnownFileType = text.plist.xml; path = Info.plist; sourceTree = "<group>"; };
		C87F573A1D034EFA00965E9C /* GlowingLabel.swift */ = {isa = PBXFileReference; fileEncoding = 4; lastKnownFileType = sourcecode.swift; name = GlowingLabel.swift; path = ../GlowingLabel.swift; sourceTree = "<group>"; };
/* End PBXFileReference section */

/* Begin PBXFrameworksBuildPhase section */
		C87F571E1D03471300965E9C /* Frameworks */ = {
			isa = PBXFrameworksBuildPhase;
			buildActionMask = 2147483647;
			files = (
			);
			runOnlyForDeploymentPostprocessing = 0;
		};
/* End PBXFrameworksBuildPhase section */

/* Begin PBXGroup section */
		C87F57181D03471300965E9C = {
			isa = PBXGroup;
			children = (
				C87F57231D03471300965E9C /* GlowLabel */,
				C87F57221D03471300965E9C /* Products */,
			);
			sourceTree = "<group>";
		};
		C87F57221D03471300965E9C /* Products */ = {
			isa = PBXGroup;
			children = (
				C87F57211D03471300965E9C /* GlowLabel.app */,
			);
			name = Products;
			sourceTree = "<group>";
		};
		C87F57231D03471300965E9C /* GlowLabel */ = {
			isa = PBXGroup;
			children = (
				C87F573A1D034EFA00965E9C /* GlowingLabel.swift */,
				C87F57241D03471300965E9C /* AppDelegate.swift */,
				C87F57261D03471300965E9C /* ViewController.swift */,
				C87F57281D03471300965E9C /* Main.storyboard */,
				C87F572B1D03471300965E9C /* Assets.xcassets */,
				C87F572D1D03471300965E9C /* LaunchScreen.storyboard */,
				C87F57301D03471300965E9C /* Info.plist */,
			);
			path = GlowLabel;
			sourceTree = "<group>";
		};
/* End PBXGroup section */

/* Begin PBXNativeTarget section */
		C87F57201D03471300965E9C /* GlowLabel */ = {
			isa = PBXNativeTarget;
			buildConfigurationList = C87F57331D03471300965E9C /* Build configuration list for PBXNativeTarget "GlowLabel" */;
			buildPhases = (
				C87F571D1D03471300965E9C /* Sources */,
				C87F571E1D03471300965E9C /* Frameworks */,
				C87F571F1D03471300965E9C /* Resources */,
			);
			buildRules = (
			);
			dependencies = (
			);
			name = GlowLabel;
			productName = GlowLabel;
			productReference = C87F57211D03471300965E9C /* GlowLabel.app */;
			productType = "com.apple.product-type.application";
		};
/* End PBXNativeTarget section */

/* Begin PBXProject section */
		C87F57191D03471300965E9C /* Project object */ = {
			isa = PBXProject;
			attributes = {
				LastSwiftUpdateCheck = 0730;
				LastUpgradeCheck = 0730;
				ORGANIZATIONNAME = XueYu;
				TargetAttributes = {
					C87F57201D03471300965E9C = {
						CreatedOnToolsVersion = 7.3.1;
					};
				};
			};
			buildConfigurationList = C87F571C1D03471300965E9C /* Build configuration list for PBXProject "GlowLabel" */;
			compatibilityVersion = "Xcode 3.2";
			developmentRegion = English;
			hasScannedForEncodings = 0;
			knownRegions = (
				en,
				Base,
			);
			mainGroup = C87F57181D03471300965E9C;
			productRefGroup = C87F57221D03471300965E9C /* Products */;
			projectDirPath = "";
			projectRoot = "";
			targets = (
				C87F57201D03471300965E9C /* GlowLabel */,
			);
		};
/* End PBXProject section */

/* Begin PBXResourcesBuildPhase section */
		C87F571F1D03471300965E9C /* Resources */ = {
			isa = PBXResourcesBuildPhase;
			buildActionMask = 2147483647;
			files = (
				C87F572F1D03471300965E9C /* LaunchScreen.storyboard in Resources */,
				C87F572C1D03471300965E9C /* Assets.xcassets in Resources */,
				C87F572A1D03471300965E9C /* Main.storyboard in Resources */,
			);
			runOnlyForDeploymentPostprocessing = 0;
		};
/* End PBXResourcesBuildPhase section */

/* Begin PBXSourcesBuildPhase section */
		C87F571D1D03471300965E9C /* Sources */ = {
			isa = PBXSourcesBuildPhase;
			buildActionMask = 2147483647;
			files = (
				C87F57271D03471300965E9C /* ViewController.swift in Sources */,
				C87F573B1D034EFA00965E9C /* GlowingLabel.swift in Sources */,
				C87F57251D03471300965E9C /* AppDelegate.swift in Sources */,
			);
			runOnlyForDeploymentPostprocessing = 0;
		};
/* End PBXSourcesBuildPhase section */

/* Begin PBXVariantGroup section */
		C87F57281D03471300965E9C /* Main.storyboard */ = {
			isa = PBXVariantGroup;
			children = (
				C87F57291D03471300965E9C /* Base */,
			);
			name = Main.storyboard;
			sourceTree = "<group>";
		};
		C87F572D1D03471300965E9C /* LaunchScreen.storyboard */ = {
			isa = PBXVariantGroup;
			children = (
				C87F572E1D03471300965E9C /* Base */,
			);
			name = LaunchScreen.storyboard;
			sourceTree = "<group>";
		};
/* End PBXVariantGroup section */

/* Begin XCBuildConfiguration section */
		C87F57311D03471300965E9C /* Debug */ = {
			isa = XCBuildConfiguration;
			buildSettings = {
				ALWAYS_SEARCH_USER_PATHS = NO;
				CLANG_ANALYZER_NONNULL = YES;
				CLANG_CXX_LANGUAGE_STANDARD = "gnu++0x";
				CLANG_CXX_LIBRARY = "libc++";
				CLANG_ENABLE_MODULES = YES;
				CLANG_ENABLE_OBJC_ARC = YES;
				CLANG_WARN_BOOL_CONVERSION = YES;
				CLANG_WARN_CONSTANT_CONVERSION = YES;
				CLANG_WARN_DIRECT_OBJC_ISA_USAGE = YES_ERROR;
				CLANG_WARN_EMPTY_BODY = YES;
				CLANG_WARN_ENUM_CONVERSION = YES;
				CLANG_WARN_INT_CONVERSION = YES;
				CLANG_WARN_OBJC_ROOT_CLASS = YES_ERROR;
				CLANG_WARN_UNREACHABLE_CODE = YES;
				CLANG_WARN__DUPLICATE_METHOD_MATCH = YES;
				"CODE_SIGN_IDENTITY[sdk=iphoneos*]" = "iPhone Developer";
				COPY_PHASE_STRIP = NO;
				DEBUG_INFORMATION_FORMAT = dwarf;
				ENABLE_STRICT_OBJC_MSGSEND = YES;
				ENABLE_TESTABILITY = YES;
				GCC_C_LANGUAGE_STANDARD = gnu99;
				GCC_DYNAMIC_NO_PIC = NO;
				GCC_NO_COMMON_BLOCKS = YES;
				GCC_OPTIMIZATION_LEVEL = 0;
				GCC_PREPROCESSOR_DEFINITIONS = (
					"DEBUG=1",
					"$(inherited)",
				);
				GCC_WARN_64_TO_32_BIT_CONVERSION = YES;
				GCC_WARN_ABOUT_RETURN_TYPE = YES_ERROR;
				GCC_WARN_UNDECLARED_SELECTOR = YES;
				GCC_WARN_UNINITIALIZED_AUTOS = YES_AGGRESSIVE;
				GCC_WARN_UNUSED_FUNCTION = YES;
				GCC_WARN_UNUSED_VARIABLE = YES;
				IPHONEOS_DEPLOYMENT_TARGET = 9.3;
				MTL_ENABLE_DEBUG_INFO = YES;
				ONLY_ACTIVE_ARCH = YES;
				SDKROOT = iphoneos;
				SWIFT_OPTIMIZATION_LEVEL = "-Onone";
				TARGETED_DEVICE_FAMILY = "1,2";
			};
			name = Debug;
		};
		C87F57321D03471300965E9C /* Release */ = {
			isa = XCBuildConfiguration;
			buildSettings = {
				ALWAYS_SEARCH_USER_PATHS = NO;
				CLANG_ANALYZER_NONNULL = YES;
				CLANG_CXX_LANGUAGE_STANDARD = "gnu++0x";
				CLANG_CXX_LIBRARY = "libc++";
				CLANG_ENABLE_MODULES = YES;
				CLANG_ENABLE_OBJC_ARC = YES;
				CLANG_WARN_BOOL_CONVERSION = YES;
				CLANG_WARN_CONSTANT_CONVERSION = YES;
				CLANG_WARN_DIRECT_OBJC_ISA_USAGE = YES_ERROR;
				CLANG_WARN_EMPTY_BODY = YES;
				CLANG_WARN_ENUM_CONVERSION = YES;
				CLANG_WARN_INT_CONVERSION = YES;
				CLANG_WARN_OBJC_ROOT_CLASS = YES_ERROR;
				CLANG_WARN_UNREACHABLE_CODE = YES;
				CLANG_WARN__DUPLICATE_METHOD_MATCH = YES;
				"CODE_SIGN_IDENTITY[sdk=iphoneos*]" = "iPhone Developer";
				COPY_PHASE_STRIP = NO;
				DEBUG_INFORMATION_FORMAT = "dwarf-with-dsym";
				ENABLE_NS_ASSERTIONS = NO;
				ENABLE_STRICT_OBJC_MSGSEND = YES;
				GCC_C_LANGUAGE_STANDARD = gnu99;
				GCC_NO_COMMON_BLOCKS = YES;
				GCC_WARN_64_TO_32_BIT_CONVERSION = YES;
				GCC_WARN_ABOUT_RETURN_TYPE = YES_ERROR;
				GCC_WARN_UNDECLARED_SELECTOR = YES;
				GCC_WARN_UNINITIALIZED_AUTOS = YES_AGGRESSIVE;
				GCC_WARN_UNUSED_FUNCTION = YES;
				GCC_WARN_UNUSED_VARIABLE = YES;
				IPHONEOS_DEPLOYMENT_TARGET = 9.3;
				MTL_ENABLE_DEBUG_INFO = NO;
				SDKROOT = iphoneos;
				TARGETED_DEVICE_FAMILY = "1,2";
				VALIDATE_PRODUCT = YES;
			};
			name = Release;
		};
		C87F57341D03471300965E9C /* Debug */ = {
			isa = XCBuildConfiguration;
			buildSettings = {
				ASSETCATALOG_COMPILER_APPICON_NAME = AppIcon;
				INFOPLIST_FILE = GlowLabel/Info.plist;
				LD_RUNPATH_SEARCH_PATHS = "$(inherited) @executable_path/Frameworks";
				PRODUCT_BUNDLE_IDENTIFIER = com.xueyu.GlowLabel;
				PRODUCT_NAME = "$(TARGET_NAME)";
			};
			name = Debug;
		};
		C87F57351D03471300965E9C /* Release */ = {
			isa = XCBuildConfiguration;
			buildSettings = {
				ASSETCATALOG_COMPILER_APPICON_NAME = AppIcon;
				INFOPLIST_FILE = GlowLabel/Info.plist;
				LD_RUNPATH_SEARCH_PATHS = "$(inherited) @executable_path/Frameworks";
				PRODUCT_BUNDLE_IDENTIFIER = com.xueyu.GlowLabel;
				PRODUCT_NAME = "$(TARGET_NAME)";
			};
			name = Release;
		};
/* End XCBuildConfiguration section */

/* Begin XCConfigurationList section */
		C87F571C1D03471300965E9C /* Build configuration list for PBXProject "GlowLabel" */ = {
			isa = XCConfigurationList;
			buildConfigurations = (
				C87F57311D03471300965E9C /* Debug */,
				C87F57321D03471300965E9C /* Release */,
			);
			defaultConfigurationIsVisible = 0;
			defaultConfigurationName = Release;
		};
		C87F57331D03471300965E9C /* Build configuration list for PBXNativeTarget "GlowLabel" */ = {
			isa = XCConfigurationList;
			buildConfigurations = (
				C87F57341D03471300965E9C /* Debug */,
				C87F57351D03471300965E9C /* Release */,
			);
			defaultConfigurationIsVisible = 0;
		};
/* End XCConfigurationList section */
	};
	rootObject = C87F57191D03471300965E9C /* Project object */;
}
